
Microsoft Visual Studio Solution File, Format Version 12.00
Project("{FAE04EC0-301F-11D3-BF4B-00C04F79EFBC}") = "Domain", "src\Domain\Domain.csproj", "{DB3ACB9A-49DD-4486-9EAB-2CBBF686624D}"
EndProject
Project("{FAE04EC0-301F-11D3-BF4B-00C04F79EFBC}") = "WebAPI", "src\WebAPI\WebAPI.csproj", "{57B52873-220F-4BF9-828B-E8A3B01FD76C}"
EndProject
Project("{FAE04EC0-301F-11D3-BF4B-00C04F79EFBC}") = "DataAccess.EF", "src\DataAccess.EF\DataAccess.EF.csproj", "{0D97BAFC-D96F-4F49-AE0B-7B659C4CAD2E}"
EndProject
Project("{2150E333-8FDC-42A3-9474-1A3956D46DE8}") = "Data", "Data", "{4450E25D-82B1-4425-8C65-C3468F92592D}"
EndProject
Project("{2150E333-8FDC-42A3-9474-1A3956D46DE8}") = "WebApps", "WebApps", "{46FFE4A4-7F4A-4D98-B8A9-9DBC72514C31}"
EndProject
Project("{2150E333-8FDC-42A3-9474-1A3956D46DE8}") = "API ", "API ", "{0EDCB889-6F43-4BA3-8FE9-763A5F57DD39}"
EndProject
Project("{2150E333-8FDC-42A3-9474-1A3956D46DE8}") = "APP", "APP", "{1564E471-0CA8-41B1-973E-ECD7B99DEC62}"
EndProject
Project("{FAE04EC0-301F-11D3-BF4B-00C04F79EFBC}") = "WebAPI.Services", "src\WebAPI.Services\WebAPI.Services.csproj", "{53C783F0-4EE2-473D-BDD2-79381A77D6C5}"
EndProject
Project("{FAE04EC0-301F-11D3-BF4B-00C04F79EFBC}") = "MediatR.Core", "src\MediatR.Core\MediatR.Core.csproj", "{1E339183-DE70-4FCE-A68F-2929AF54CC12}"
EndProject
Project("{FAE04EC0-301F-11D3-BF4B-00C04F79EFBC}") = "WebAPI.Queries", "src\WebAPI.Queries\WebAPI.Queries.csproj", "{086A7B7B-FA42-45E6-8499-2B2D53D14071}"
EndProject
Project("{FAE04EC0-301F-11D3-BF4B-00C04F79EFBC}") = "WebAPI.Commands", "src\WebAPI.Commands\WebAPI.Commands.csproj", "{0029FD56-9112-40F8-8E9D-39592753ED58}"
EndProject
Project("{FAE04EC0-301F-11D3-BF4B-00C04F79EFBC}") = "docker-compose", "docker-compose.dcproj", "{F723FFD7-5012-4194-97D9-6C6AB25284A5}"
EndProject
Project("{FAE04EC0-301F-11D3-BF4B-00C04F79EFBC}") = "WebAPP", "src\WebAPP\WebAPP.csproj", "{48B87FCD-B36A-4DB0-B178-4B0539AE0ED1}"
EndProject
Global
	GlobalSection(SolutionConfigurationPlatforms) = preSolution
		Debug|Any CPU = Debug|Any CPU
		Release|Any CPU = Release|Any CPU
	EndGlobalSection
	GlobalSection(ProjectConfigurationPlatforms) = postSolution
		{DB3ACB9A-49DD-4486-9EAB-2CBBF686624D}.Debug|Any CPU.ActiveCfg = Debug|Any CPU
		{DB3ACB9A-49DD-4486-9EAB-2CBBF686624D}.Debug|Any CPU.Build.0 = Debug|Any CPU
		{DB3ACB9A-49DD-4486-9EAB-2CBBF686624D}.Release|Any CPU.ActiveCfg = Release|Any CPU
		{DB3ACB9A-49DD-4486-9EAB-2CBBF686624D}.Release|Any CPU.Build.0 = Release|Any CPU
		{57B52873-220F-4BF9-828B-E8A3B01FD76C}.Debug|Any CPU.ActiveCfg = Debug|Any CPU
		{57B52873-220F-4BF9-828B-E8A3B01FD76C}.Debug|Any CPU.Build.0 = Debug|Any CPU
		{57B52873-220F-4BF9-828B-E8A3B01FD76C}.Release|Any CPU.ActiveCfg = Release|Any CPU
		{57B52873-220F-4BF9-828B-E8A3B01FD76C}.Release|Any CPU.Build.0 = Release|Any CPU
		{0D97BAFC-D96F-4F49-AE0B-7B659C4CAD2E}.Debug|Any CPU.ActiveCfg = Debug|Any CPU
		{0D97BAFC-D96F-4F49-AE0B-7B659C4CAD2E}.Debug|Any CPU.Build.0 = Debug|Any CPU
		{0D97BAFC-D96F-4F49-AE0B-7B659C4CAD2E}.Release|Any CPU.ActiveCfg = Release|Any CPU
		{0D97BAFC-D96F-4F49-AE0B-7B659C4CAD2E}.Release|Any CPU.Build.0 = Release|Any CPU
		{53C783F0-4EE2-473D-BDD2-79381A77D6C5}.Debug|Any CPU.ActiveCfg = Debug|Any CPU
		{53C783F0-4EE2-473D-BDD2-79381A77D6C5}.Debug|Any CPU.Build.0 = Debug|Any CPU
		{53C783F0-4EE2-473D-BDD2-79381A77D6C5}.Release|Any CPU.ActiveCfg = Release|Any CPU
		{53C783F0-4EE2-473D-BDD2-79381A77D6C5}.Release|Any CPU.Build.0 = Release|Any CPU
		{1E339183-DE70-4FCE-A68F-2929AF54CC12}.Debug|Any CPU.ActiveCfg = Debug|Any CPU
		{1E339183-DE70-4FCE-A68F-2929AF54CC12}.Debug|Any CPU.Build.0 = Debug|Any CPU
		{1E339183-DE70-4FCE-A68F-2929AF54CC12}.Release|Any CPU.ActiveCfg = Release|Any CPU
		{1E339183-DE70-4FCE-A68F-2929AF54CC12}.Release|Any CPU.Build.0 = Release|Any CPU
		{086A7B7B-FA42-45E6-8499-2B2D53D14071}.Debug|Any CPU.ActiveCfg = Debug|Any CPU
		{086A7B7B-FA42-45E6-8499-2B2D53D14071}.Debug|Any CPU.Build.0 = Debug|Any CPU
		{086A7B7B-FA42-45E6-8499-2B2D53D14071}.Release|Any CPU.ActiveCfg = Release|Any CPU
		{086A7B7B-FA42-45E6-8499-2B2D53D14071}.Release|Any CPU.Build.0 = Release|Any CPU
		{0029FD56-9112-40F8-8E9D-39592753ED58}.Debug|Any CPU.ActiveCfg = Debug|Any CPU
		{0029FD56-9112-40F8-8E9D-39592753ED58}.Debug|Any CPU.Build.0 = Debug|Any CPU
		{0029FD56-9112-40F8-8E9D-39592753ED58}.Release|Any CPU.ActiveCfg = Release|Any CPU
		{0029FD56-9112-40F8-8E9D-39592753ED58}.Release|Any CPU.Build.0 = Release|Any CPU
		{F723FFD7-5012-4194-97D9-6C6AB25284A5}.Debug|Any CPU.ActiveCfg = Debug|Any CPU
		{F723FFD7-5012-4194-97D9-6C6AB25284A5}.Debug|Any CPU.Build.0 = Debug|Any CPU
		{F723FFD7-5012-4194-97D9-6C6AB25284A5}.Release|Any CPU.ActiveCfg = Debug|Any CPU
		{F723FFD7-5012-4194-97D9-6C6AB25284A5}.Release|Any CPU.Build.0 = Debug|Any CPU
		{48B87FCD-B36A-4DB0-B178-4B0539AE0ED1}.Debug|Any CPU.ActiveCfg = Debug|Any CPU
		{48B87FCD-B36A-4DB0-B178-4B0539AE0ED1}.Debug|Any CPU.Build.0 = Debug|Any CPU
		{48B87FCD-B36A-4DB0-B178-4B0539AE0ED1}.Release|Any CPU.ActiveCfg = Release|Any CPU
		{48B87FCD-B36A-4DB0-B178-4B0539AE0ED1}.Release|Any CPU.Build.0 = Release|Any CPU
	EndGlobalSection
	GlobalSection(NestedProjects) = preSolution
		{0D97BAFC-D96F-4F49-AE0B-7B659C4CAD2E} = {4450E25D-82B1-4425-8C65-C3468F92592D}
		{DB3ACB9A-49DD-4486-9EAB-2CBBF686624D} = {4450E25D-82B1-4425-8C65-C3468F92592D}
		{0EDCB889-6F43-4BA3-8FE9-763A5F57DD39} = {46FFE4A4-7F4A-4D98-B8A9-9DBC72514C31}
		{57B52873-220F-4BF9-828B-E8A3B01FD76C} = {0EDCB889-6F43-4BA3-8FE9-763A5F57DD39}
		{1564E471-0CA8-41B1-973E-ECD7B99DEC62} = {46FFE4A4-7F4A-4D98-B8A9-9DBC72514C31}
		{53C783F0-4EE2-473D-BDD2-79381A77D6C5} = {0EDCB889-6F43-4BA3-8FE9-763A5F57DD39}
		{1E339183-DE70-4FCE-A68F-2929AF54CC12} = {0EDCB889-6F43-4BA3-8FE9-763A5F57DD39}
		{086A7B7B-FA42-45E6-8499-2B2D53D14071} = {0EDCB889-6F43-4BA3-8FE9-763A5F57DD39}
		{0029FD56-9112-40F8-8E9D-39592753ED58} = {0EDCB889-6F43-4BA3-8FE9-763A5F57DD39}
		{48B87FCD-B36A-4DB0-B178-4B0539AE0ED1} = {1564E471-0CA8-41B1-973E-ECD7B99DEC62}
	EndGlobalSection
EndGlobal
